
Microsoft Visual Studio Solution File, Format Version 12.00
# Visual Studio 2012
Project("{FAE04EC0-301F-11D3-BF4B-00C04F79EFBC}") = "pegleg.cs", "pegleg.cs\pegleg.cs.csproj", "{22B38652-7706-4151-A2F0-31429E3F832A}"
EndProject
Project("{FAE04EC0-301F-11D3-BF4B-00C04F79EFBC}") = "pegleg.cs.Tests", "pegleg.cs.Tests\pegleg.cs.Tests.csproj", "{74098B2C-FF73-40E8-B3DC-18AE3F3D614E}"
EndProject
Project("{FAE04EC0-301F-11D3-BF4B-00C04F79EFBC}") = "JFM", "JFM\JFM.csproj", "{46183F7C-F401-4E65-9B92-4E0070CD1234}"
EndProject
Project("{FAE04EC0-301F-11D3-BF4B-00C04F79EFBC}") = "JFM.Tests", "JFM.Tests\JFM.Tests.csproj", "{87B1B0BE-7CE4-4A1C-A027-7504425D8544}"
EndProject
Global
	GlobalSection(SolutionConfigurationPlatforms) = preSolution
		Debug|Any CPU = Debug|Any CPU
		Release|Any CPU = Release|Any CPU
	EndGlobalSection
	GlobalSection(ProjectConfigurationPlatforms) = postSolution
		{22B38652-7706-4151-A2F0-31429E3F832A}.Debug|Any CPU.ActiveCfg = Debug|Any CPU
		{22B38652-7706-4151-A2F0-31429E3F832A}.Debug|Any CPU.Build.0 = Debug|Any CPU
		{22B38652-7706-4151-A2F0-31429E3F832A}.Release|Any CPU.ActiveCfg = Release|Any CPU
		{22B38652-7706-4151-A2F0-31429E3F832A}.Release|Any CPU.Build.0 = Release|Any CPU
		{74098B2C-FF73-40E8-B3DC-18AE3F3D614E}.Debug|Any CPU.ActiveCfg = Debug|Any CPU
		{74098B2C-FF73-40E8-B3DC-18AE3F3D614E}.Debug|Any CPU.Build.0 = Debug|Any CPU
		{74098B2C-FF73-40E8-B3DC-18AE3F3D614E}.Release|Any CPU.ActiveCfg = Release|Any CPU
		{74098B2C-FF73-40E8-B3DC-18AE3F3D614E}.Release|Any CPU.Build.0 = Release|Any CPU
		{46183F7C-F401-4E65-9B92-4E0070CD1234}.Debug|Any CPU.ActiveCfg = Debug|Any CPU
		{46183F7C-F401-4E65-9B92-4E0070CD1234}.Debug|Any CPU.Build.0 = Debug|Any CPU
		{46183F7C-F401-4E65-9B92-4E0070CD1234}.Release|Any CPU.ActiveCfg = Release|Any CPU
		{46183F7C-F401-4E65-9B92-4E0070CD1234}.Release|Any CPU.Build.0 = Release|Any CPU
		{87B1B0BE-7CE4-4A1C-A027-7504425D8544}.Debug|Any CPU.ActiveCfg = Debug|Any CPU
		{87B1B0BE-7CE4-4A1C-A027-7504425D8544}.Debug|Any CPU.Build.0 = Debug|Any CPU
		{87B1B0BE-7CE4-4A1C-A027-7504425D8544}.Release|Any CPU.ActiveCfg = Release|Any CPU
		{87B1B0BE-7CE4-4A1C-A027-7504425D8544}.Release|Any CPU.Build.0 = Release|Any CPU
	EndGlobalSection
	GlobalSection(SolutionProperties) = preSolution
		HideSolutionNode = FALSE
	EndGlobalSection
EndGlobal
